
Microsoft Visual Studio Solution File, Format Version 12.00
# Visual Studio Version 17
VisualStudioVersion = 17.5.33414.496
MinimumVisualStudioVersion = 10.0.40219.1
Project("{FAE04EC0-301F-11D3-BF4B-00C04F79EFBC}") = "GameHub.MVC", "GameHub.MVC\GameHub.MVC.csproj", "{AD4100A0-CD99-4694-B5E2-FD8142B21CDE}"
EndProject
Project("{FAE04EC0-301F-11D3-BF4B-00C04F79EFBC}") = "GameHub.Domain", "GameHub.Domain\GameHub.Domain.csproj", "{3801BDD9-C51F-4526-83F8-EE6689531948}"
EndProject
Project("{FAE04EC0-301F-11D3-BF4B-00C04F79EFBC}") = "GameHub.Application", "GameHub.Application\GameHub.Application.csproj", "{974F26A4-F8E6-40AC-99FC-DEFF5655A810}"
EndProject
Project("{FAE04EC0-301F-11D3-BF4B-00C04F79EFBC}") = "GameHub.Infrastructure", "GameHub.Infrastructure\GameHub.Infrastructure.csproj", "{63D6388F-3E78-4B8F-B481-56518E18EF3C}"
EndProject
Global
	GlobalSection(SolutionConfigurationPlatforms) = preSolution
		Debug|Any CPU = Debug|Any CPU
		Release|Any CPU = Release|Any CPU
	EndGlobalSection
	GlobalSection(ProjectConfigurationPlatforms) = postSolution
		{AD4100A0-CD99-4694-B5E2-FD8142B21CDE}.Debug|Any CPU.ActiveCfg = Debug|Any CPU
		{AD4100A0-CD99-4694-B5E2-FD8142B21CDE}.Debug|Any CPU.Build.0 = Debug|Any CPU
		{AD4100A0-CD99-4694-B5E2-FD8142B21CDE}.Release|Any CPU.ActiveCfg = Release|Any CPU
		{AD4100A0-CD99-4694-B5E2-FD8142B21CDE}.Release|Any CPU.Build.0 = Release|Any CPU
		{3801BDD9-C51F-4526-83F8-EE6689531948}.Debug|Any CPU.ActiveCfg = Debug|Any CPU
		{3801BDD9-C51F-4526-83F8-EE6689531948}.Debug|Any CPU.Build.0 = Debug|Any CPU
		{3801BDD9-C51F-4526-83F8-EE6689531948}.Release|Any CPU.ActiveCfg = Release|Any CPU
		{3801BDD9-C51F-4526-83F8-EE6689531948}.Release|Any CPU.Build.0 = Release|Any CPU
		{974F26A4-F8E6-40AC-99FC-DEFF5655A810}.Debug|Any CPU.ActiveCfg = Debug|Any CPU
		{974F26A4-F8E6-40AC-99FC-DEFF5655A810}.Debug|Any CPU.Build.0 = Debug|Any CPU
		{974F26A4-F8E6-40AC-99FC-DEFF5655A810}.Release|Any CPU.ActiveCfg = Release|Any CPU
		{974F26A4-F8E6-40AC-99FC-DEFF5655A810}.Release|Any CPU.Build.0 = Release|Any CPU
		{63D6388F-3E78-4B8F-B481-56518E18EF3C}.Debug|Any CPU.ActiveCfg = Debug|Any CPU
		{63D6388F-3E78-4B8F-B481-56518E18EF3C}.Debug|Any CPU.Build.0 = Debug|Any CPU
		{63D6388F-3E78-4B8F-B481-56518E18EF3C}.Release|Any CPU.ActiveCfg = Release|Any CPU
		{63D6388F-3E78-4B8F-B481-56518E18EF3C}.Release|Any CPU.Build.0 = Release|Any CPU
	EndGlobalSection
	GlobalSection(SolutionProperties) = preSolution
		HideSolutionNode = FALSE
	EndGlobalSection
	GlobalSection(ExtensibilityGlobals) = postSolution
		SolutionGuid = {CD1CD81E-5A45-4B0A-A978-CA1BF3BF44DE}
	EndGlobalSection
EndGlobal
